
Microsoft Visual Studio Solution File, Format Version 12.00
# Visual Studio 15
VisualStudioVersion = 15.0.27703.2035
MinimumVisualStudioVersion = 10.0.40219.1
Project("{888888A0-9F3D-457C-B088-3A5042F75D52}") = "Lab3B", "Lab3B\Lab3B.pyproj", "{531DDFF3-4520-4EB0-ACBA-C87EA569F134}"
EndProject
Global
	GlobalSection(SolutionConfigurationPlatforms) = preSolution
		Debug|Any CPU = Debug|Any CPU
		Release|Any CPU = Release|Any CPU
	EndGlobalSection
	GlobalSection(ProjectConfigurationPlatforms) = postSolution
		{531DDFF3-4520-4EB0-ACBA-C87EA569F134}.Debug|Any CPU.ActiveCfg = Debug|Any CPU
		{531DDFF3-4520-4EB0-ACBA-C87EA569F134}.Release|Any CPU.ActiveCfg = Release|Any CPU
	EndGlobalSection
	GlobalSection(SolutionProperties) = preSolution
		HideSolutionNode = FALSE
	EndGlobalSection
	GlobalSection(ExtensibilityGlobals) = postSolution
		SolutionGuid = {2A522AA8-3C3C-4EDF-98D5-09654B73C118}
	EndGlobalSection
EndGlobal
